
Microsoft Visual Studio Solution File, Format Version 12.00
# Visual Studio 14
VisualStudioVersion = 14.0.23107.0
MinimumVisualStudioVersion = 10.0.40219.1
Project("{2150E333-8FDC-42A3-9474-1A3956D46DE8}") = "LevelDBWinRT", "LevelDBWinRT", "{2911C4F7-A46C-4226-8DD7-384C37CD291A}"
	ProjectSection(SolutionItems) = preProject
		LICENSE.txt = LICENSE.txt
	EndProjectSection
EndProject
Project("{8BC9CEB8-8B4A-11D0-8D11-00A0C91BC942}") = "LevelDBWinRT.Shared", "LevelDBWinRT\LevelDBWinRT.Shared\LevelDBWinRT.Shared.vcxitems", "{1F618399-56D0-41D2-B695-0096B0385A10}"
EndProject
Project("{8BC9CEB8-8B4A-11D0-8D11-00A0C91BC942}") = "LevelDBWinRT.Windows", "LevelDBWinRT\LevelDBWinRT.Windows\LevelDBWinRT.Windows.vcxproj", "{BC058170-127E-4F7B-A4BB-FA87AC4A49F5}"
EndProject
Project("{8BC9CEB8-8B4A-11D0-8D11-00A0C91BC942}") = "LevelDBWinRT.WindowsPhone", "LevelDBWinRT\LevelDBWinRT.WindowsPhone\LevelDBWinRT.WindowsPhone.vcxproj", "{70D4F023-5C90-43FE-B519-0E3A5FCB0702}"
EndProject
Project("{FAE04EC0-301F-11D3-BF4B-00C04F79EFBC}") = "UnitTest.Universal", "UnitTest.Universal\UnitTest.Universal.csproj", "{5255832A-55A6-4753-A35A-EB67B808FF12}"
EndProject
Project("{8BC9CEB8-8B4A-11D0-8D11-00A0C91BC942}") = "LevelDBWinRT", "LevelDB.Universal\LevelDBWinRT\LevelDBWinRT.vcxproj", "{A64267AA-604C-4031-9408-EF28A987060B}"
EndProject
Project("{FAE04EC0-301F-11D3-BF4B-00C04F79EFBC}") = "UnitTest.WindowsPhone", "UnitTest.WindowsPhone\UnitTest.WindowsPhone.csproj", "{4886F29F-7DA6-47C2-81C7-14BC75968992}"
EndProject
Project("{D954291E-2A0B-460D-934E-DC6B0785DB48}") = "UnitTest.Shared", "UnitTest.Shared\UnitTest.Shared.shproj", "{973253B8-075C-497B-A7ED-3C19F1023026}"
EndProject
Project("{FAE04EC0-301F-11D3-BF4B-00C04F79EFBC}") = "LevelDBWindowsPhoneVSIX", "LevelDBWindowsPhoneVSIX\LevelDBWindowsPhoneVSIX.csproj", "{E2A1FB99-3EB1-434E-BA83-569BE8F32864}"
EndProject
Global
	GlobalSection(SharedMSBuildProjectFiles) = preSolution
		UnitTest.Shared\UnitTest.Shared.projitems*{973253b8-075c-497b-a7ed-3c19f1023026}*SharedItemsImports = 13
		UnitTest.Shared\UnitTest.Shared.projitems*{5255832a-55a6-4753-a35a-eb67b808ff12}*SharedItemsImports = 4
		UnitTest.Shared\UnitTest.Shared.projitems*{4886f29f-7da6-47c2-81c7-14bc75968992}*SharedItemsImports = 4
		LevelDBWinRT\LevelDBWinRT.Shared\LevelDBWinRT.Shared.vcxitems*{70d4f023-5c90-43fe-b519-0e3a5fcb0702}*SharedItemsImports = 4
		LevelDBWinRT\LevelDBWinRT.Shared\LevelDBWinRT.Shared.vcxitems*{a64267aa-604c-4031-9408-ef28a987060b}*SharedItemsImports = 4
		LevelDBWinRT\LevelDBWinRT.Shared\LevelDBWinRT.Shared.vcxitems*{1f618399-56d0-41d2-b695-0096b0385a10}*SharedItemsImports = 9
		LevelDBWinRT\LevelDBWinRT.Shared\LevelDBWinRT.Shared.vcxitems*{bc058170-127e-4f7b-a4bb-fa87ac4a49f5}*SharedItemsImports = 4
	EndGlobalSection
	GlobalSection(SolutionConfigurationPlatforms) = preSolution
		Debug|Any CPU = Debug|Any CPU
		Debug|ARM = Debug|ARM
		Debug|x64 = Debug|x64
		Debug|x86 = Debug|x86
		Release|Any CPU = Release|Any CPU
		Release|ARM = Release|ARM
		Release|x64 = Release|x64
		Release|x86 = Release|x86
	EndGlobalSection
	GlobalSection(ProjectConfigurationPlatforms) = postSolution
		{BC058170-127E-4F7B-A4BB-FA87AC4A49F5}.Debug|Any CPU.ActiveCfg = Debug|Win32
		{BC058170-127E-4F7B-A4BB-FA87AC4A49F5}.Debug|ARM.ActiveCfg = Debug|ARM
		{BC058170-127E-4F7B-A4BB-FA87AC4A49F5}.Debug|ARM.Build.0 = Debug|ARM
		{BC058170-127E-4F7B-A4BB-FA87AC4A49F5}.Debug|x64.ActiveCfg = Debug|x64
		{BC058170-127E-4F7B-A4BB-FA87AC4A49F5}.Debug|x64.Build.0 = Debug|x64
		{BC058170-127E-4F7B-A4BB-FA87AC4A49F5}.Debug|x86.ActiveCfg = Debug|Win32
		{BC058170-127E-4F7B-A4BB-FA87AC4A49F5}.Debug|x86.Build.0 = Debug|Win32
		{BC058170-127E-4F7B-A4BB-FA87AC4A49F5}.Release|Any CPU.ActiveCfg = Release|Win32
		{BC058170-127E-4F7B-A4BB-FA87AC4A49F5}.Release|ARM.ActiveCfg = Release|ARM
		{BC058170-127E-4F7B-A4BB-FA87AC4A49F5}.Release|ARM.Build.0 = Release|ARM
		{BC058170-127E-4F7B-A4BB-FA87AC4A49F5}.Release|x64.ActiveCfg = Release|x64
		{BC058170-127E-4F7B-A4BB-FA87AC4A49F5}.Release|x64.Build.0 = Release|x64
		{BC058170-127E-4F7B-A4BB-FA87AC4A49F5}.Release|x86.ActiveCfg = Release|Win32
		{BC058170-127E-4F7B-A4BB-FA87AC4A49F5}.Release|x86.Build.0 = Release|Win32
		{70D4F023-5C90-43FE-B519-0E3A5FCB0702}.Debug|Any CPU.ActiveCfg = Debug|Win32
		{70D4F023-5C90-43FE-B519-0E3A5FCB0702}.Debug|ARM.ActiveCfg = Debug|ARM
		{70D4F023-5C90-43FE-B519-0E3A5FCB0702}.Debug|ARM.Build.0 = Debug|ARM
		{70D4F023-5C90-43FE-B519-0E3A5FCB0702}.Debug|x64.ActiveCfg = Debug|Win32
		{70D4F023-5C90-43FE-B519-0E3A5FCB0702}.Debug|x86.ActiveCfg = Debug|Win32
		{70D4F023-5C90-43FE-B519-0E3A5FCB0702}.Debug|x86.Build.0 = Debug|Win32
		{70D4F023-5C90-43FE-B519-0E3A5FCB0702}.Release|Any CPU.ActiveCfg = Release|Win32
		{70D4F023-5C90-43FE-B519-0E3A5FCB0702}.Release|ARM.ActiveCfg = Release|ARM
		{70D4F023-5C90-43FE-B519-0E3A5FCB0702}.Release|ARM.Build.0 = Release|ARM
		{70D4F023-5C90-43FE-B519-0E3A5FCB0702}.Release|x64.ActiveCfg = Release|Win32
		{70D4F023-5C90-43FE-B519-0E3A5FCB0702}.Release|x86.ActiveCfg = Release|Win32
		{70D4F023-5C90-43FE-B519-0E3A5FCB0702}.Release|x86.Build.0 = Release|Win32
		{5255832A-55A6-4753-A35A-EB67B808FF12}.Debug|Any CPU.ActiveCfg = Debug|x86
		{5255832A-55A6-4753-A35A-EB67B808FF12}.Debug|ARM.ActiveCfg = Debug|ARM
		{5255832A-55A6-4753-A35A-EB67B808FF12}.Debug|ARM.Build.0 = Debug|ARM
		{5255832A-55A6-4753-A35A-EB67B808FF12}.Debug|ARM.Deploy.0 = Debug|ARM
		{5255832A-55A6-4753-A35A-EB67B808FF12}.Debug|x64.ActiveCfg = Debug|x64
		{5255832A-55A6-4753-A35A-EB67B808FF12}.Debug|x64.Build.0 = Debug|x64
		{5255832A-55A6-4753-A35A-EB67B808FF12}.Debug|x64.Deploy.0 = Debug|x64
		{5255832A-55A6-4753-A35A-EB67B808FF12}.Debug|x86.ActiveCfg = Debug|x86
		{5255832A-55A6-4753-A35A-EB67B808FF12}.Debug|x86.Build.0 = Debug|x86
		{5255832A-55A6-4753-A35A-EB67B808FF12}.Debug|x86.Deploy.0 = Debug|x86
		{5255832A-55A6-4753-A35A-EB67B808FF12}.Release|Any CPU.ActiveCfg = Release|x86
		{5255832A-55A6-4753-A35A-EB67B808FF12}.Release|ARM.ActiveCfg = Release|ARM
		{5255832A-55A6-4753-A35A-EB67B808FF12}.Release|ARM.Build.0 = Release|ARM
		{5255832A-55A6-4753-A35A-EB67B808FF12}.Release|ARM.Deploy.0 = Release|ARM
		{5255832A-55A6-4753-A35A-EB67B808FF12}.Release|x64.ActiveCfg = Release|x64
		{5255832A-55A6-4753-A35A-EB67B808FF12}.Release|x64.Build.0 = Release|x64
		{5255832A-55A6-4753-A35A-EB67B808FF12}.Release|x64.Deploy.0 = Release|x64
		{5255832A-55A6-4753-A35A-EB67B808FF12}.Release|x86.ActiveCfg = Release|x86
		{5255832A-55A6-4753-A35A-EB67B808FF12}.Release|x86.Build.0 = Release|x86
		{5255832A-55A6-4753-A35A-EB67B808FF12}.Release|x86.Deploy.0 = Release|x86
		{A64267AA-604C-4031-9408-EF28A987060B}.Debug|Any CPU.ActiveCfg = Debug|Win32
		{A64267AA-604C-4031-9408-EF28A987060B}.Debug|ARM.ActiveCfg = Debug|ARM
		{A64267AA-604C-4031-9408-EF28A987060B}.Debug|ARM.Build.0 = Debug|ARM
		{A64267AA-604C-4031-9408-EF28A987060B}.Debug|x64.ActiveCfg = Debug|x64
		{A64267AA-604C-4031-9408-EF28A987060B}.Debug|x64.Build.0 = Debug|x64
		{A64267AA-604C-4031-9408-EF28A987060B}.Debug|x86.ActiveCfg = Debug|Win32
		{A64267AA-604C-4031-9408-EF28A987060B}.Debug|x86.Build.0 = Debug|Win32
		{A64267AA-604C-4031-9408-EF28A987060B}.Release|Any CPU.ActiveCfg = Release|Win32
		{A64267AA-604C-4031-9408-EF28A987060B}.Release|ARM.ActiveCfg = Release|ARM
		{A64267AA-604C-4031-9408-EF28A987060B}.Release|ARM.Build.0 = Release|ARM
		{A64267AA-604C-4031-9408-EF28A987060B}.Release|x64.ActiveCfg = Release|x64
		{A64267AA-604C-4031-9408-EF28A987060B}.Release|x64.Build.0 = Release|x64
		{A64267AA-604C-4031-9408-EF28A987060B}.Release|x86.ActiveCfg = Release|Win32
		{A64267AA-604C-4031-9408-EF28A987060B}.Release|x86.Build.0 = Release|Win32
		{4886F29F-7DA6-47C2-81C7-14BC75968992}.Debug|Any CPU.ActiveCfg = Debug|x86
		{4886F29F-7DA6-47C2-81C7-14BC75968992}.Debug|ARM.ActiveCfg = Debug|ARM
		{4886F29F-7DA6-47C2-81C7-14BC75968992}.Debug|ARM.Build.0 = Debug|ARM
		{4886F29F-7DA6-47C2-81C7-14BC75968992}.Debug|ARM.Deploy.0 = Debug|ARM
		{4886F29F-7DA6-47C2-81C7-14BC75968992}.Debug|x64.ActiveCfg = Debug|x86
		{4886F29F-7DA6-47C2-81C7-14BC75968992}.Debug|x86.ActiveCfg = Debug|x86
		{4886F29F-7DA6-47C2-81C7-14BC75968992}.Debug|x86.Build.0 = Debug|x86
		{4886F29F-7DA6-47C2-81C7-14BC75968992}.Debug|x86.Deploy.0 = Debug|x86
		{4886F29F-7DA6-47C2-81C7-14BC75968992}.Release|Any CPU.ActiveCfg = Release|x86
		{4886F29F-7DA6-47C2-81C7-14BC75968992}.Release|ARM.ActiveCfg = Release|ARM
		{4886F29F-7DA6-47C2-81C7-14BC75968992}.Release|ARM.Build.0 = Release|ARM
		{4886F29F-7DA6-47C2-81C7-14BC75968992}.Release|ARM.Deploy.0 = Release|ARM
		{4886F29F-7DA6-47C2-81C7-14BC75968992}.Release|x64.ActiveCfg = Release|x86
		{4886F29F-7DA6-47C2-81C7-14BC75968992}.Release|x86.ActiveCfg = Release|x86
		{4886F29F-7DA6-47C2-81C7-14BC75968992}.Release|x86.Build.0 = Release|x86
		{4886F29F-7DA6-47C2-81C7-14BC75968992}.Release|x86.Deploy.0 = Release|x86
		{E2A1FB99-3EB1-434E-BA83-569BE8F32864}.Debug|Any CPU.ActiveCfg = Debug|Any CPU
		{E2A1FB99-3EB1-434E-BA83-569BE8F32864}.Debug|Any CPU.Build.0 = Debug|Any CPU
		{E2A1FB99-3EB1-434E-BA83-569BE8F32864}.Debug|ARM.ActiveCfg = Debug|Any CPU
		{E2A1FB99-3EB1-434E-BA83-569BE8F32864}.Debug|ARM.Build.0 = Debug|Any CPU
		{E2A1FB99-3EB1-434E-BA83-569BE8F32864}.Debug|x64.ActiveCfg = Debug|Any CPU
		{E2A1FB99-3EB1-434E-BA83-569BE8F32864}.Debug|x64.Build.0 = Debug|Any CPU
		{E2A1FB99-3EB1-434E-BA83-569BE8F32864}.Debug|x86.ActiveCfg = Debug|Any CPU
		{E2A1FB99-3EB1-434E-BA83-569BE8F32864}.Debug|x86.Build.0 = Debug|Any CPU
		{E2A1FB99-3EB1-434E-BA83-569BE8F32864}.Release|Any CPU.ActiveCfg = Release|Any CPU
		{E2A1FB99-3EB1-434E-BA83-569BE8F32864}.Release|Any CPU.Build.0 = Release|Any CPU
		{E2A1FB99-3EB1-434E-BA83-569BE8F32864}.Release|ARM.ActiveCfg = Release|Any CPU
		{E2A1FB99-3EB1-434E-BA83-569BE8F32864}.Release|ARM.Build.0 = Release|Any CPU
		{E2A1FB99-3EB1-434E-BA83-569BE8F32864}.Release|x64.ActiveCfg = Release|Any CPU
		{E2A1FB99-3EB1-434E-BA83-569BE8F32864}.Release|x64.Build.0 = Release|Any CPU
		{E2A1FB99-3EB1-434E-BA83-569BE8F32864}.Release|x86.ActiveCfg = Release|Any CPU
		{E2A1FB99-3EB1-434E-BA83-569BE8F32864}.Release|x86.Build.0 = Release|Any CPU
	EndGlobalSection
	GlobalSection(SolutionProperties) = preSolution
		HideSolutionNode = FALSE
	EndGlobalSection
	GlobalSection(NestedProjects) = preSolution
		{1F618399-56D0-41D2-B695-0096B0385A10} = {2911C4F7-A46C-4226-8DD7-384C37CD291A}
		{BC058170-127E-4F7B-A4BB-FA87AC4A49F5} = {2911C4F7-A46C-4226-8DD7-384C37CD291A}
		{70D4F023-5C90-43FE-B519-0E3A5FCB0702} = {2911C4F7-A46C-4226-8DD7-384C37CD291A}
		{5255832A-55A6-4753-A35A-EB67B808FF12} = {2911C4F7-A46C-4226-8DD7-384C37CD291A}
		{A64267AA-604C-4031-9408-EF28A987060B} = {2911C4F7-A46C-4226-8DD7-384C37CD291A}
		{4886F29F-7DA6-47C2-81C7-14BC75968992} = {2911C4F7-A46C-4226-8DD7-384C37CD291A}
		{973253B8-075C-497B-A7ED-3C19F1023026} = {2911C4F7-A46C-4226-8DD7-384C37CD291A}
		{E2A1FB99-3EB1-434E-BA83-569BE8F32864} = {2911C4F7-A46C-4226-8DD7-384C37CD291A}
	EndGlobalSection
EndGlobal
