
Microsoft Visual Studio Solution File, Format Version 12.00
# Visual Studio 14
VisualStudioVersion = 14.0.24720.0
MinimumVisualStudioVersion = 10.0.40219.1
Project("{2150E333-8FDC-42A3-9474-1A3956D46DE8}") = "LevelDBWinRT", "LevelDBWinRT", "{2911C4F7-A46C-4226-8DD7-384C37CD291A}"
	ProjectSection(SolutionItems) = preProject
		LevelDBUAP.nuspec = LevelDBUAP.nuspec
		LevelDBUAP.props = LevelDBUAP.props
		LevelDBUAP.targets = LevelDBUAP.targets
		LICENSE.txt = LICENSE.txt
	EndProjectSection
EndProject
Project("{8BC9CEB8-8B4A-11D0-8D11-00A0C91BC942}") = "LevelDBWinRT", "LevelDBWinRT.UAP\LevelDBWinRT.UAP.vcxproj", "{DD1885FA-9170-4735-8DCF-ACD3785C7D88}"
EndProject
Project("{8BC9CEB8-8B4A-11D0-8D11-00A0C91BC942}") = "LevelDBWinRT.Shared", "LevelDBWinRT.Shared\LevelDBWinRT.Shared.vcxitems", "{1F618399-56D0-41D2-B695-0096B0385A10}"
EndProject
Project("{FAE04EC0-301F-11D3-BF4B-00C04F79EFBC}") = "LevelDBWinRT.Tests", "LevelDBWinRT.Tests\LevelDBWinRT.Tests.csproj", "{F71EA6D3-4ACB-4B8C-9911-52B7DC0F0D01}"
EndProject
Global
	GlobalSection(SharedMSBuildProjectFiles) = preSolution
		LevelDBWinRT.Shared\LevelDBWinRT.Shared.vcxitems*{dd1885fa-9170-4735-8dcf-acd3785c7d88}*SharedItemsImports = 4
		LevelDBWinRT.Shared\LevelDBWinRT.Shared.vcxitems*{1f618399-56d0-41d2-b695-0096b0385a10}*SharedItemsImports = 9
	EndGlobalSection
	GlobalSection(SolutionConfigurationPlatforms) = preSolution
		Debug|ARM = Debug|ARM
		Debug|x64 = Debug|x64
		Debug|x86 = Debug|x86
		Release|ARM = Release|ARM
		Release|x64 = Release|x64
		Release|x86 = Release|x86
	EndGlobalSection
	GlobalSection(ProjectConfigurationPlatforms) = postSolution
		{DD1885FA-9170-4735-8DCF-ACD3785C7D88}.Debug|ARM.ActiveCfg = Debug|ARM
		{DD1885FA-9170-4735-8DCF-ACD3785C7D88}.Debug|ARM.Build.0 = Debug|ARM
		{DD1885FA-9170-4735-8DCF-ACD3785C7D88}.Debug|x64.ActiveCfg = Debug|x64
		{DD1885FA-9170-4735-8DCF-ACD3785C7D88}.Debug|x64.Build.0 = Debug|x64
		{DD1885FA-9170-4735-8DCF-ACD3785C7D88}.Debug|x86.ActiveCfg = Debug|Win32
		{DD1885FA-9170-4735-8DCF-ACD3785C7D88}.Debug|x86.Build.0 = Debug|Win32
		{DD1885FA-9170-4735-8DCF-ACD3785C7D88}.Release|ARM.ActiveCfg = Release|ARM
		{DD1885FA-9170-4735-8DCF-ACD3785C7D88}.Release|ARM.Build.0 = Release|ARM
		{DD1885FA-9170-4735-8DCF-ACD3785C7D88}.Release|x64.ActiveCfg = Release|x64
		{DD1885FA-9170-4735-8DCF-ACD3785C7D88}.Release|x64.Build.0 = Release|x64
		{DD1885FA-9170-4735-8DCF-ACD3785C7D88}.Release|x86.ActiveCfg = Release|Win32
		{DD1885FA-9170-4735-8DCF-ACD3785C7D88}.Release|x86.Build.0 = Release|Win32
		{F71EA6D3-4ACB-4B8C-9911-52B7DC0F0D01}.Debug|ARM.ActiveCfg = Debug|ARM
		{F71EA6D3-4ACB-4B8C-9911-52B7DC0F0D01}.Debug|ARM.Build.0 = Debug|ARM
		{F71EA6D3-4ACB-4B8C-9911-52B7DC0F0D01}.Debug|ARM.Deploy.0 = Debug|ARM
		{F71EA6D3-4ACB-4B8C-9911-52B7DC0F0D01}.Debug|x64.ActiveCfg = Debug|x64
		{F71EA6D3-4ACB-4B8C-9911-52B7DC0F0D01}.Debug|x64.Build.0 = Debug|x64
		{F71EA6D3-4ACB-4B8C-9911-52B7DC0F0D01}.Debug|x64.Deploy.0 = Debug|x64
		{F71EA6D3-4ACB-4B8C-9911-52B7DC0F0D01}.Debug|x86.ActiveCfg = Debug|x86
		{F71EA6D3-4ACB-4B8C-9911-52B7DC0F0D01}.Debug|x86.Build.0 = Debug|x86
		{F71EA6D3-4ACB-4B8C-9911-52B7DC0F0D01}.Debug|x86.Deploy.0 = Debug|x86
		{F71EA6D3-4ACB-4B8C-9911-52B7DC0F0D01}.Release|ARM.ActiveCfg = Release|ARM
		{F71EA6D3-4ACB-4B8C-9911-52B7DC0F0D01}.Release|ARM.Build.0 = Release|ARM
		{F71EA6D3-4ACB-4B8C-9911-52B7DC0F0D01}.Release|ARM.Deploy.0 = Release|ARM
		{F71EA6D3-4ACB-4B8C-9911-52B7DC0F0D01}.Release|x64.ActiveCfg = Release|x64
		{F71EA6D3-4ACB-4B8C-9911-52B7DC0F0D01}.Release|x64.Build.0 = Release|x64
		{F71EA6D3-4ACB-4B8C-9911-52B7DC0F0D01}.Release|x64.Deploy.0 = Release|x64
		{F71EA6D3-4ACB-4B8C-9911-52B7DC0F0D01}.Release|x86.ActiveCfg = Release|x86
		{F71EA6D3-4ACB-4B8C-9911-52B7DC0F0D01}.Release|x86.Build.0 = Release|x86
		{F71EA6D3-4ACB-4B8C-9911-52B7DC0F0D01}.Release|x86.Deploy.0 = Release|x86
	EndGlobalSection
	GlobalSection(SolutionProperties) = preSolution
		HideSolutionNode = FALSE
	EndGlobalSection
	GlobalSection(NestedProjects) = preSolution
		{DD1885FA-9170-4735-8DCF-ACD3785C7D88} = {2911C4F7-A46C-4226-8DD7-384C37CD291A}
		{1F618399-56D0-41D2-B695-0096B0385A10} = {2911C4F7-A46C-4226-8DD7-384C37CD291A}
		{F71EA6D3-4ACB-4B8C-9911-52B7DC0F0D01} = {2911C4F7-A46C-4226-8DD7-384C37CD291A}
	EndGlobalSection
EndGlobal
